
Microsoft Visual Studio Solution File, Format Version 12.00
# Visual Studio Version 16
VisualStudioVersion = 16.0.29728.190
MinimumVisualStudioVersion = 10.0.40219.1
Project("{FAE04EC0-301F-11D3-BF4B-00C04F79EFBC}") = "MiniProject", "MiniProject\MiniProject.csproj", "{3E25A187-ED3D-497A-8FE5-F61D2C8129A2}"
EndProject
Global
	GlobalSection(SolutionConfigurationPlatforms) = preSolution
		Debug|Any CPU = Debug|Any CPU
		Release|Any CPU = Release|Any CPU
	EndGlobalSection
	GlobalSection(ProjectConfigurationPlatforms) = postSolution
		{3E25A187-ED3D-497A-8FE5-F61D2C8129A2}.Debug|Any CPU.ActiveCfg = Debug|Any CPU
		{3E25A187-ED3D-497A-8FE5-F61D2C8129A2}.Debug|Any CPU.Build.0 = Debug|Any CPU
		{3E25A187-ED3D-497A-8FE5-F61D2C8129A2}.Release|Any CPU.ActiveCfg = Release|Any CPU
		{3E25A187-ED3D-497A-8FE5-F61D2C8129A2}.Release|Any CPU.Build.0 = Release|Any CPU
	EndGlobalSection
	GlobalSection(SolutionProperties) = preSolution
		HideSolutionNode = FALSE
	EndGlobalSection
	GlobalSection(ExtensibilityGlobals) = postSolution
		SolutionGuid = {1632D98E-ED7C-45F7-A7C0-26A1293AB340}
	EndGlobalSection
EndGlobal
