
Microsoft Visual Studio Solution File, Format Version 12.00
# Visual Studio Version 16
VisualStudioVersion = 16.0.30503.244
MinimumVisualStudioVersion = 10.0.40219.1
Project("{FAE04EC0-301F-11D3-BF4B-00C04F79EFBC}") = "WebApplication7", "WebApplication7\WebApplication7.csproj", "{DFF2C377-43E6-420D-90DE-0452450F7C54}"
EndProject
Global
	GlobalSection(SolutionConfigurationPlatforms) = preSolution
		Debug|Any CPU = Debug|Any CPU
		Release|Any CPU = Release|Any CPU
	EndGlobalSection
	GlobalSection(ProjectConfigurationPlatforms) = postSolution
		{DFF2C377-43E6-420D-90DE-0452450F7C54}.Debug|Any CPU.ActiveCfg = Debug|Any CPU
		{DFF2C377-43E6-420D-90DE-0452450F7C54}.Debug|Any CPU.Build.0 = Debug|Any CPU
		{DFF2C377-43E6-420D-90DE-0452450F7C54}.Release|Any CPU.ActiveCfg = Release|Any CPU
		{DFF2C377-43E6-420D-90DE-0452450F7C54}.Release|Any CPU.Build.0 = Release|Any CPU
	EndGlobalSection
	GlobalSection(SolutionProperties) = preSolution
		HideSolutionNode = FALSE
	EndGlobalSection
	GlobalSection(ExtensibilityGlobals) = postSolution
		SolutionGuid = {CF155A9C-4829-4B3A-AD71-6E7D17C37512}
	EndGlobalSection
EndGlobal
