
Microsoft Visual Studio Solution File, Format Version 12.00
# Visual Studio Version 16
VisualStudioVersion = 16.0.30503.244
MinimumVisualStudioVersion = 10.0.40219.1
Project("{FAE04EC0-301F-11D3-BF4B-00C04F79EFBC}") = "WebApplication8", "WebApplication8\WebApplication8.csproj", "{A0751D9E-78BC-4142-8A4A-C7CC1F1A91D2}"
EndProject
Global
	GlobalSection(SolutionConfigurationPlatforms) = preSolution
		Debug|Any CPU = Debug|Any CPU
		Release|Any CPU = Release|Any CPU
	EndGlobalSection
	GlobalSection(ProjectConfigurationPlatforms) = postSolution
		{A0751D9E-78BC-4142-8A4A-C7CC1F1A91D2}.Debug|Any CPU.ActiveCfg = Debug|Any CPU
		{A0751D9E-78BC-4142-8A4A-C7CC1F1A91D2}.Debug|Any CPU.Build.0 = Debug|Any CPU
		{A0751D9E-78BC-4142-8A4A-C7CC1F1A91D2}.Release|Any CPU.ActiveCfg = Release|Any CPU
		{A0751D9E-78BC-4142-8A4A-C7CC1F1A91D2}.Release|Any CPU.Build.0 = Release|Any CPU
	EndGlobalSection
	GlobalSection(SolutionProperties) = preSolution
		HideSolutionNode = FALSE
	EndGlobalSection
	GlobalSection(ExtensibilityGlobals) = postSolution
		SolutionGuid = {1833FC13-CE09-4AE9-8F25-4455050D7CFF}
	EndGlobalSection
EndGlobal
